
Microsoft Visual Studio Solution File, Format Version 12.00
# Visual Studio Version 16
VisualStudioVersion = 16.0.29519.181
MinimumVisualStudioVersion = 15.0.26124.0
Project("{2150E333-8FDC-42A3-9474-1A3956D46DE8}") = "Ozone.APIGateway", "Ozone.APIGateway", "{4F7448CC-794A-4062-A785-212B5B72491A}"
EndProject
Project("{2150E333-8FDC-42A3-9474-1A3956D46DE8}") = "src", "src", "{F2E2704C-1DC8-4B0F-B3A9-57EBAC25AAB9}"
EndProject
Project("{2150E333-8FDC-42A3-9474-1A3956D46DE8}") = "tests", "tests", "{7E18E912-87C3-4E0E-AE15-5D2AB5BE4ACD}"
EndProject
Project("{9A19103F-16F7-4668-BE54-9A1E7A4F7556}") = "Ozone.APIGateway", "src\Ozone.APIGateway\Ozone.APIGateway.csproj", "{B5D4611A-158F-49DF-BCDA-971F479FCAEC}"
EndProject
Global
	GlobalSection(SolutionConfigurationPlatforms) = preSolution
		Debug|Any CPU = Debug|Any CPU
		Debug|x64 = Debug|x64
		Debug|x86 = Debug|x86
		Release|Any CPU = Release|Any CPU
		Release|x64 = Release|x64
		Release|x86 = Release|x86
	EndGlobalSection
	GlobalSection(ProjectConfigurationPlatforms) = postSolution
		{B5D4611A-158F-49DF-BCDA-971F479FCAEC}.Debug|Any CPU.ActiveCfg = Debug|Any CPU
		{B5D4611A-158F-49DF-BCDA-971F479FCAEC}.Debug|Any CPU.Build.0 = Debug|Any CPU
		{B5D4611A-158F-49DF-BCDA-971F479FCAEC}.Debug|x64.ActiveCfg = Debug|Any CPU
		{B5D4611A-158F-49DF-BCDA-971F479FCAEC}.Debug|x64.Build.0 = Debug|Any CPU
		{B5D4611A-158F-49DF-BCDA-971F479FCAEC}.Debug|x86.ActiveCfg = Debug|Any CPU
		{B5D4611A-158F-49DF-BCDA-971F479FCAEC}.Debug|x86.Build.0 = Debug|Any CPU
		{B5D4611A-158F-49DF-BCDA-971F479FCAEC}.Release|Any CPU.ActiveCfg = Release|Any CPU
		{B5D4611A-158F-49DF-BCDA-971F479FCAEC}.Release|Any CPU.Build.0 = Release|Any CPU
		{B5D4611A-158F-49DF-BCDA-971F479FCAEC}.Release|x64.ActiveCfg = Release|Any CPU
		{B5D4611A-158F-49DF-BCDA-971F479FCAEC}.Release|x64.Build.0 = Release|Any CPU
		{B5D4611A-158F-49DF-BCDA-971F479FCAEC}.Release|x86.ActiveCfg = Release|Any CPU
		{B5D4611A-158F-49DF-BCDA-971F479FCAEC}.Release|x86.Build.0 = Release|Any CPU
	EndGlobalSection
	GlobalSection(SolutionProperties) = preSolution
		HideSolutionNode = FALSE
	EndGlobalSection
	GlobalSection(NestedProjects) = preSolution
		{F2E2704C-1DC8-4B0F-B3A9-57EBAC25AAB9} = {4F7448CC-794A-4062-A785-212B5B72491A}
		{7E18E912-87C3-4E0E-AE15-5D2AB5BE4ACD} = {4F7448CC-794A-4062-A785-212B5B72491A}
		{B5D4611A-158F-49DF-BCDA-971F479FCAEC} = {F2E2704C-1DC8-4B0F-B3A9-57EBAC25AAB9}
	EndGlobalSection
	GlobalSection(ExtensibilityGlobals) = postSolution
		SolutionGuid = {C9995B8E-EEAB-4AA5-94E5-ABAAA46D4935}
	EndGlobalSection
EndGlobal
